
Microsoft Visual Studio Solution File, Format Version 12.00
# Visual Studio Version 17
VisualStudioVersion = 17.14.36414.22 d17.14
MinimumVisualStudioVersion = 10.0.40219.1
Project("{FAE04EC0-301F-11D3-BF4B-00C04F79EFBC}") = "DesafioPractico1", "DesafioPractico1\DesafioPractico1.csproj", "{1B4C40DF-6A05-4EEB-896E-5876A1D3A456}"
EndProject
Global
	GlobalSection(SolutionConfigurationPlatforms) = preSolution
		Debug|Any CPU = Debug|Any CPU
		Release|Any CPU = Release|Any CPU
	EndGlobalSection
	GlobalSection(ProjectConfigurationPlatforms) = postSolution
		{1B4C40DF-6A05-4EEB-896E-5876A1D3A456}.Debug|Any CPU.ActiveCfg = Debug|Any CPU
		{1B4C40DF-6A05-4EEB-896E-5876A1D3A456}.Debug|Any CPU.Build.0 = Debug|Any CPU
		{1B4C40DF-6A05-4EEB-896E-5876A1D3A456}.Release|Any CPU.ActiveCfg = Release|Any CPU
		{1B4C40DF-6A05-4EEB-896E-5876A1D3A456}.Release|Any CPU.Build.0 = Release|Any CPU
	EndGlobalSection
	GlobalSection(SolutionProperties) = preSolution
		HideSolutionNode = FALSE
	EndGlobalSection
	GlobalSection(ExtensibilityGlobals) = postSolution
		SolutionGuid = {FC0777A7-B2BF-45AC-B29C-6019CC1487F1}
	EndGlobalSection
EndGlobal
